// !$*UTF8*$!
{
	archiveVersion = 1;
	classes = {
	};
	objectVersion = 50;
	objects = {

/* Begin PBXBuildFile section */
		D88D18C1263E8EF8009DBD80 /* ValidBrackets.swift in Sources */ = {isa = PBXBuildFile; fileRef = D88D18C0263E8EF8009DBD80 /* ValidBrackets.swift */; };
		D8CC3608263D301F00CF46F3 /* AppDelegate.swift in Sources */ = {isa = PBXBuildFile; fileRef = D8CC3607263D301F00CF46F3 /* AppDelegate.swift */; };
		D8CC360A263D301F00CF46F3 /* SceneDelegate.swift in Sources */ = {isa = PBXBuildFile; fileRef = D8CC3609263D301F00CF46F3 /* SceneDelegate.swift */; };
		D8CC360C263D301F00CF46F3 /* ViewController.swift in Sources */ = {isa = PBXBuildFile; fileRef = D8CC360B263D301F00CF46F3 /* ViewController.swift */; };
		D8CC360F263D301F00CF46F3 /* Main.storyboard in Resources */ = {isa = PBXBuildFile; fileRef = D8CC360D263D301F00CF46F3 /* Main.storyboard */; };
		D8CC3611263D302100CF46F3 /* Assets.xcassets in Resources */ = {isa = PBXBuildFile; fileRef = D8CC3610263D302100CF46F3 /* Assets.xcassets */; };
		D8CC3614263D302100CF46F3 /* LaunchScreen.storyboard in Resources */ = {isa = PBXBuildFile; fileRef = D8CC3612263D302100CF46F3 /* LaunchScreen.storyboard */; };
		D8CC361F263D302100CF46F3 /* LeeCodeTests.swift in Sources */ = {isa = PBXBuildFile; fileRef = D8CC361E263D302100CF46F3 /* LeeCodeTests.swift */; };
		D8CC362A263D302100CF46F3 /* LeeCodeUITests.swift in Sources */ = {isa = PBXBuildFile; fileRef = D8CC3629263D302100CF46F3 /* LeeCodeUITests.swift */; };
		D8CC3639263D304300CF46F3 /* LongPrefix.swift in Sources */ = {isa = PBXBuildFile; fileRef = D8CC3638263D304300CF46F3 /* LongPrefix.swift */; };
		D8CC363C263D47B200CF46F3 /* ThreeSum.swift in Sources */ = {isa = PBXBuildFile; fileRef = D8CC363B263D47B200CF46F3 /* ThreeSum.swift */; };
/* End PBXBuildFile section */

/* Begin PBXContainerItemProxy section */
		D8CC361B263D302100CF46F3 /* PBXContainerItemProxy */ = {
			isa = PBXContainerItemProxy;
			containerPortal = D8CC35FC263D301F00CF46F3 /* Project object */;
			proxyType = 1;
			remoteGlobalIDString = D8CC3603263D301F00CF46F3;
			remoteInfo = LeeCode;
		};
		D8CC3626263D302100CF46F3 /* PBXContainerItemProxy */ = {
			isa = PBXContainerItemProxy;
			containerPortal = D8CC35FC263D301F00CF46F3 /* Project object */;
			proxyType = 1;
			remoteGlobalIDString = D8CC3603263D301F00CF46F3;
			remoteInfo = LeeCode;
		};
/* End PBXContainerItemProxy section */

/* Begin PBXFileReference section */
		D88D18C0263E8EF8009DBD80 /* ValidBrackets.swift */ = {isa = PBXFileReference; lastKnownFileType = sourcecode.swift; path = ValidBrackets.swift; sourceTree = "<group>"; };
		D8CC3604263D301F00CF46F3 /* LeeCode.app */ = {isa = PBXFileReference; explicitFileType = wrapper.application; includeInIndex = 0; path = LeeCode.app; sourceTree = BUILT_PRODUCTS_DIR; };
		D8CC3607263D301F00CF46F3 /* AppDelegate.swift */ = {isa = PBXFileReference; lastKnownFileType = sourcecode.swift; path = AppDelegate.swift; sourceTree = "<group>"; };
		D8CC3609263D301F00CF46F3 /* SceneDelegate.swift */ = {isa = PBXFileReference; lastKnownFileType = sourcecode.swift; path = SceneDelegate.swift; sourceTree = "<group>"; };
		D8CC360B263D301F00CF46F3 /* ViewController.swift */ = {isa = PBXFileReference; lastKnownFileType = sourcecode.swift; path = ViewController.swift; sourceTree = "<group>"; };
		D8CC360E263D301F00CF46F3 /* Base */ = {isa = PBXFileReference; lastKnownFileType = file.storyboard; name = Base; path = Base.lproj/Main.storyboard; sourceTree = "<group>"; };
		D8CC3610263D302100CF46F3 /* Assets.xcassets */ = {isa = PBXFileReference; lastKnownFileType = folder.assetcatalog; path = Assets.xcassets; sourceTree = "<group>"; };
		D8CC3613263D302100CF46F3 /* Base */ = {isa = PBXFileReference; lastKnownFileType = file.storyboard; name = Base; path = Base.lproj/LaunchScreen.storyboard; sourceTree = "<group>"; };
		D8CC3615263D302100CF46F3 /* Info.plist */ = {isa = PBXFileReference; lastKnownFileType = text.plist.xml; path = Info.plist; sourceTree = "<group>"; };
		D8CC361A263D302100CF46F3 /* LeeCodeTests.xctest */ = {isa = PBXFileReference; explicitFileType = wrapper.cfbundle; includeInIndex = 0; path = LeeCodeTests.xctest; sourceTree = BUILT_PRODUCTS_DIR; };
		D8CC361E263D302100CF46F3 /* LeeCodeTests.swift */ = {isa = PBXFileReference; lastKnownFileType = sourcecode.swift; path = LeeCodeTests.swift; sourceTree = "<group>"; };
		D8CC3620263D302100CF46F3 /* Info.plist */ = {isa = PBXFileReference; lastKnownFileType = text.plist.xml; path = Info.plist; sourceTree = "<group>"; };
		D8CC3625263D302100CF46F3 /* LeeCodeUITests.xctest */ = {isa = PBXFileReference; explicitFileType = wrapper.cfbundle; includeInIndex = 0; path = LeeCodeUITests.xctest; sourceTree = BUILT_PRODUCTS_DIR; };
		D8CC3629263D302100CF46F3 /* LeeCodeUITests.swift */ = {isa = PBXFileReference; lastKnownFileType = sourcecode.swift; path = LeeCodeUITests.swift; sourceTree = "<group>"; };
		D8CC362B263D302100CF46F3 /* Info.plist */ = {isa = PBXFileReference; lastKnownFileType = text.plist.xml; path = Info.plist; sourceTree = "<group>"; };
		D8CC3638263D304300CF46F3 /* LongPrefix.swift */ = {isa = PBXFileReference; lastKnownFileType = sourcecode.swift; path = LongPrefix.swift; sourceTree = "<group>"; };
		D8CC363B263D47B200CF46F3 /* ThreeSum.swift */ = {isa = PBXFileReference; lastKnownFileType = sourcecode.swift; path = ThreeSum.swift; sourceTree = "<group>"; };
/* End PBXFileReference section */

/* Begin PBXFrameworksBuildPhase section */
		D8CC3601263D301F00CF46F3 /* Frameworks */ = {
			isa = PBXFrameworksBuildPhase;
			buildActionMask = 2147483647;
			files = (
			);
			runOnlyForDeploymentPostprocessing = 0;
		};
		D8CC3617263D302100CF46F3 /* Frameworks */ = {
			isa = PBXFrameworksBuildPhase;
			buildActionMask = 2147483647;
			files = (
			);
			runOnlyForDeploymentPostprocessing = 0;
		};
		D8CC3622263D302100CF46F3 /* Frameworks */ = {
			isa = PBXFrameworksBuildPhase;
			buildActionMask = 2147483647;
			files = (
			);
			runOnlyForDeploymentPostprocessing = 0;
		};
/* End PBXFrameworksBuildPhase section */

/* Begin PBXGroup section */
		D88D18BF263E8EE2009DBD80 /* 有效的括号 */ = {
			isa = PBXGroup;
			children = (
				D88D18C0263E8EF8009DBD80 /* ValidBrackets.swift */,
			);
			path = "有效的括号";
			sourceTree = "<group>";
		};
		D8CC35FB263D301F00CF46F3 = {
			isa = PBXGroup;
			children = (
				D8CC3606263D301F00CF46F3 /* LeeCode */,
				D8CC361D263D302100CF46F3 /* LeeCodeTests */,
				D8CC3628263D302100CF46F3 /* LeeCodeUITests */,
				D8CC3605263D301F00CF46F3 /* Products */,
			);
			sourceTree = "<group>";
		};
		D8CC3605263D301F00CF46F3 /* Products */ = {
			isa = PBXGroup;
			children = (
				D8CC3604263D301F00CF46F3 /* LeeCode.app */,
				D8CC361A263D302100CF46F3 /* LeeCodeTests.xctest */,
				D8CC3625263D302100CF46F3 /* LeeCodeUITests.xctest */,
			);
			name = Products;
			sourceTree = "<group>";
		};
		D8CC3606263D301F00CF46F3 /* LeeCode */ = {
			isa = PBXGroup;
			children = (
				D8CC3607263D301F00CF46F3 /* AppDelegate.swift */,
				D8CC3609263D301F00CF46F3 /* SceneDelegate.swift */,
				D8CC360B263D301F00CF46F3 /* ViewController.swift */,
				D88D18BF263E8EE2009DBD80 /* 有效的括号 */,
				D8CC363A263D479300CF46F3 /* 三数之和 */,
				D8CC3637263D302F00CF46F3 /* 最长前缀 */,
				D8CC360D263D301F00CF46F3 /* Main.storyboard */,
				D8CC3610263D302100CF46F3 /* Assets.xcassets */,
				D8CC3612263D302100CF46F3 /* LaunchScreen.storyboard */,
				D8CC3615263D302100CF46F3 /* Info.plist */,
			);
			path = LeeCode;
			sourceTree = "<group>";
		};
		D8CC361D263D302100CF46F3 /* LeeCodeTests */ = {
			isa = PBXGroup;
			children = (
				D8CC361E263D302100CF46F3 /* LeeCodeTests.swift */,
				D8CC3620263D302100CF46F3 /* Info.plist */,
			);
			path = LeeCodeTests;
			sourceTree = "<group>";
		};
		D8CC3628263D302100CF46F3 /* LeeCodeUITests */ = {
			isa = PBXGroup;
			children = (
				D8CC3629263D302100CF46F3 /* LeeCodeUITests.swift */,
				D8CC362B263D302100CF46F3 /* Info.plist */,
			);
			path = LeeCodeUITests;
			sourceTree = "<group>";
		};
		D8CC3637263D302F00CF46F3 /* 最长前缀 */ = {
			isa = PBXGroup;
			children = (
				D8CC3638263D304300CF46F3 /* LongPrefix.swift */,
			);
			path = "最长前缀";
			sourceTree = "<group>";
		};
		D8CC363A263D479300CF46F3 /* 三数之和 */ = {
			isa = PBXGroup;
			children = (
				D8CC363B263D47B200CF46F3 /* ThreeSum.swift */,
			);
			path = "三数之和";
			sourceTree = "<group>";
		};
/* End PBXGroup section */

/* Begin PBXNativeTarget section */
		D8CC3603263D301F00CF46F3 /* LeeCode */ = {
			isa = PBXNativeTarget;
			buildConfigurationList = D8CC362E263D302100CF46F3 /* Build configuration list for PBXNativeTarget "LeeCode" */;
			buildPhases = (
				D8CC3600263D301F00CF46F3 /* Sources */,
				D8CC3601263D301F00CF46F3 /* Frameworks */,
				D8CC3602263D301F00CF46F3 /* Resources */,
			);
			buildRules = (
			);
			dependencies = (
			);
			name = LeeCode;
			productName = LeeCode;
			productReference = D8CC3604263D301F00CF46F3 /* LeeCode.app */;
			productType = "com.apple.product-type.application";
		};
		D8CC3619263D302100CF46F3 /* LeeCodeTests */ = {
			isa = PBXNativeTarget;
			buildConfigurationList = D8CC3631263D302100CF46F3 /* Build configuration list for PBXNativeTarget "LeeCodeTests" */;
			buildPhases = (
				D8CC3616263D302100CF46F3 /* Sources */,
				D8CC3617263D302100CF46F3 /* Frameworks */,
				D8CC3618263D302100CF46F3 /* Resources */,
			);
			buildRules = (
			);
			dependencies = (
				D8CC361C263D302100CF46F3 /* PBXTargetDependency */,
			);
			name = LeeCodeTests;
			productName = LeeCodeTests;
			productReference = D8CC361A263D302100CF46F3 /* LeeCodeTests.xctest */;
			productType = "com.apple.product-type.bundle.unit-test";
		};
		D8CC3624263D302100CF46F3 /* LeeCodeUITests */ = {
			isa = PBXNativeTarget;
			buildConfigurationList = D8CC3634263D302100CF46F3 /* Build configuration list for PBXNativeTarget "LeeCodeUITests" */;
			buildPhases = (
				D8CC3621263D302100CF46F3 /* Sources */,
				D8CC3622263D302100CF46F3 /* Frameworks */,
				D8CC3623263D302100CF46F3 /* Resources */,
			);
			buildRules = (
			);
			dependencies = (
				D8CC3627263D302100CF46F3 /* PBXTargetDependency */,
			);
			name = LeeCodeUITests;
			productName = LeeCodeUITests;
			productReference = D8CC3625263D302100CF46F3 /* LeeCodeUITests.xctest */;
			productType = "com.apple.product-type.bundle.ui-testing";
		};
/* End PBXNativeTarget section */

/* Begin PBXProject section */
		D8CC35FC263D301F00CF46F3 /* Project object */ = {
			isa = PBXProject;
			attributes = {
				LastSwiftUpdateCheck = 1250;
				LastUpgradeCheck = 1250;
				TargetAttributes = {
					D8CC3603263D301F00CF46F3 = {
						CreatedOnToolsVersion = 12.5;
					};
					D8CC3619263D302100CF46F3 = {
						CreatedOnToolsVersion = 12.5;
						TestTargetID = D8CC3603263D301F00CF46F3;
					};
					D8CC3624263D302100CF46F3 = {
						CreatedOnToolsVersion = 12.5;
						TestTargetID = D8CC3603263D301F00CF46F3;
					};
				};
			};
			buildConfigurationList = D8CC35FF263D301F00CF46F3 /* Build configuration list for PBXProject "LeeCode" */;
			compatibilityVersion = "Xcode 9.3";
			developmentRegion = en;
			hasScannedForEncodings = 0;
			knownRegions = (
				en,
				Base,
			);
			mainGroup = D8CC35FB263D301F00CF46F3;
			productRefGroup = D8CC3605263D301F00CF46F3 /* Products */;
			projectDirPath = "";
			projectRoot = "";
			targets = (
				D8CC3603263D301F00CF46F3 /* LeeCode */,
				D8CC3619263D302100CF46F3 /* LeeCodeTests */,
				D8CC3624263D302100CF46F3 /* LeeCodeUITests */,
			);
		};
/* End PBXProject section */

/* Begin PBXResourcesBuildPhase section */
		D8CC3602263D301F00CF46F3 /* Resources */ = {
			isa = PBXResourcesBuildPhase;
			buildActionMask = 2147483647;
			files = (
				D8CC3614263D302100CF46F3 /* LaunchScreen.storyboard in Resources */,
				D8CC3611263D302100CF46F3 /* Assets.xcassets in Resources */,
				D8CC360F263D301F00CF46F3 /* Main.storyboard in Resources */,
			);
			runOnlyForDeploymentPostprocessing = 0;
		};
		D8CC3618263D302100CF46F3 /* Resources */ = {
			isa = PBXResourcesBuildPhase;
			buildActionMask = 2147483647;
			files = (
			);
			runOnlyForDeploymentPostprocessing = 0;
		};
		D8CC3623263D302100CF46F3 /* Resources */ = {
			isa = PBXResourcesBuildPhase;
			buildActionMask = 2147483647;
			files = (
			);
			runOnlyForDeploymentPostprocessing = 0;
		};
/* End PBXResourcesBuildPhase section */

/* Begin PBXSourcesBuildPhase section */
		D8CC3600263D301F00CF46F3 /* Sources */ = {
			isa = PBXSourcesBuildPhase;
			buildActionMask = 2147483647;
			files = (
				D8CC360C263D301F00CF46F3 /* ViewController.swift in Sources */,
				D88D18C1263E8EF8009DBD80 /* ValidBrackets.swift in Sources */,
				D8CC3639263D304300CF46F3 /* LongPrefix.swift in Sources */,
				D8CC363C263D47B200CF46F3 /* ThreeSum.swift in Sources */,
				D8CC3608263D301F00CF46F3 /* AppDelegate.swift in Sources */,
				D8CC360A263D301F00CF46F3 /* SceneDelegate.swift in Sources */,
			);
			runOnlyForDeploymentPostprocessing = 0;
		};
		D8CC3616263D302100CF46F3 /* Sources */ = {
			isa = PBXSourcesBuildPhase;
			buildActionMask = 2147483647;
			files = (
				D8CC361F263D302100CF46F3 /* LeeCodeTests.swift in Sources */,
			);
			runOnlyForDeploymentPostprocessing = 0;
		};
		D8CC3621263D302100CF46F3 /* Sources */ = {
			isa = PBXSourcesBuildPhase;
			buildActionMask = 2147483647;
			files = (
				D8CC362A263D302100CF46F3 /* LeeCodeUITests.swift in Sources */,
			);
			runOnlyForDeploymentPostprocessing = 0;
		};
/* End PBXSourcesBuildPhase section */

/* Begin PBXTargetDependency section */
		D8CC361C263D302100CF46F3 /* PBXTargetDependency */ = {
			isa = PBXTargetDependency;
			target = D8CC3603263D301F00CF46F3 /* LeeCode */;
			targetProxy = D8CC361B263D302100CF46F3 /* PBXContainerItemProxy */;
		};
		D8CC3627263D302100CF46F3 /* PBXTargetDependency */ = {
			isa = PBXTargetDependency;
			target = D8CC3603263D301F00CF46F3 /* LeeCode */;
			targetProxy = D8CC3626263D302100CF46F3 /* PBXContainerItemProxy */;
		};
/* End PBXTargetDependency section */

/* Begin PBXVariantGroup section */
		D8CC360D263D301F00CF46F3 /* Main.storyboard */ = {
			isa = PBXVariantGroup;
			children = (
				D8CC360E263D301F00CF46F3 /* Base */,
			);
			name = Main.storyboard;
			sourceTree = "<group>";
		};
		D8CC3612263D302100CF46F3 /* LaunchScreen.storyboard */ = {
			isa = PBXVariantGroup;
			children = (
				D8CC3613263D302100CF46F3 /* Base */,
			);
			name = LaunchScreen.storyboard;
			sourceTree = "<group>";
		};
/* End PBXVariantGroup section */

/* Begin XCBuildConfiguration section */
		D8CC362C263D302100CF46F3 /* Debug */ = {
			isa = XCBuildConfiguration;
			buildSettings = {
				ALWAYS_SEARCH_USER_PATHS = NO;
				CLANG_ANALYZER_NONNULL = YES;
				CLANG_ANALYZER_NUMBER_OBJECT_CONVERSION = YES_AGGRESSIVE;
				CLANG_CXX_LANGUAGE_STANDARD = "gnu++14";
				CLANG_CXX_LIBRARY = "libc++";
				CLANG_ENABLE_MODULES = YES;
				CLANG_ENABLE_OBJC_ARC = YES;
				CLANG_ENABLE_OBJC_WEAK = YES;
				CLANG_WARN_BLOCK_CAPTURE_AUTORELEASING = YES;
				CLANG_WARN_BOOL_CONVERSION = YES;
				CLANG_WARN_COMMA = YES;
				CLANG_WARN_CONSTANT_CONVERSION = YES;
				CLANG_WARN_DEPRECATED_OBJC_IMPLEMENTATIONS = YES;
				CLANG_WARN_DIRECT_OBJC_ISA_USAGE = YES_ERROR;
				CLANG_WARN_DOCUMENTATION_COMMENTS = YES;
				CLANG_WARN_EMPTY_BODY = YES;
				CLANG_WARN_ENUM_CONVERSION = YES;
				CLANG_WARN_INFINITE_RECURSION = YES;
				CLANG_WARN_INT_CONVERSION = YES;
				CLANG_WARN_NON_LITERAL_NULL_CONVERSION = YES;
				CLANG_WARN_OBJC_IMPLICIT_RETAIN_SELF = YES;
				CLANG_WARN_OBJC_LITERAL_CONVERSION = YES;
				CLANG_WARN_OBJC_ROOT_CLASS = YES_ERROR;
				CLANG_WARN_QUOTED_INCLUDE_IN_FRAMEWORK_HEADER = YES;
				CLANG_WARN_RANGE_LOOP_ANALYSIS = YES;
				CLANG_WARN_STRICT_PROTOTYPES = YES;
				CLANG_WARN_SUSPICIOUS_MOVE = YES;
				CLANG_WARN_UNGUARDED_AVAILABILITY = YES_AGGRESSIVE;
				CLANG_WARN_UNREACHABLE_CODE = YES;
				CLANG_WARN__DUPLICATE_METHOD_MATCH = YES;
				COPY_PHASE_STRIP = NO;
				DEBUG_INFORMATION_FORMAT = dwarf;
				ENABLE_STRICT_OBJC_MSGSEND = YES;
				ENABLE_TESTABILITY = YES;
				GCC_C_LANGUAGE_STANDARD = gnu11;
				GCC_DYNAMIC_NO_PIC = NO;
				GCC_NO_COMMON_BLOCKS = YES;
				GCC_OPTIMIZATION_LEVEL = 0;
				GCC_PREPROCESSOR_DEFINITIONS = (
					"DEBUG=1",
					"$(inherited)",
				);
				GCC_WARN_64_TO_32_BIT_CONVERSION = YES;
				GCC_WARN_ABOUT_RETURN_TYPE = YES_ERROR;
				GCC_WARN_UNDECLARED_SELECTOR = YES;
				GCC_WARN_UNINITIALIZED_AUTOS = YES_AGGRESSIVE;
				GCC_WARN_UNUSED_FUNCTION = YES;
				GCC_WARN_UNUSED_VARIABLE = YES;
				IPHONEOS_DEPLOYMENT_TARGET = 14.5;
				MTL_ENABLE_DEBUG_INFO = INCLUDE_SOURCE;
				MTL_FAST_MATH = YES;
				ONLY_ACTIVE_ARCH = YES;
				SDKROOT = iphoneos;
				SWIFT_ACTIVE_COMPILATION_CONDITIONS = DEBUG;
				SWIFT_OPTIMIZATION_LEVEL = "-Onone";
			};
			name = Debug;
		};
		D8CC362D263D302100CF46F3 /* Release */ = {
			isa = XCBuildConfiguration;
			buildSettings = {
				ALWAYS_SEARCH_USER_PATHS = NO;
				CLANG_ANALYZER_NONNULL = YES;
				CLANG_ANALYZER_NUMBER_OBJECT_CONVERSION = YES_AGGRESSIVE;
				CLANG_CXX_LANGUAGE_STANDARD = "gnu++14";
				CLANG_CXX_LIBRARY = "libc++";
				CLANG_ENABLE_MODULES = YES;
				CLANG_ENABLE_OBJC_ARC = YES;
				CLANG_ENABLE_OBJC_WEAK = YES;
				CLANG_WARN_BLOCK_CAPTURE_AUTORELEASING = YES;
				CLANG_WARN_BOOL_CONVERSION = YES;
				CLANG_WARN_COMMA = YES;
				CLANG_WARN_CONSTANT_CONVERSION = YES;
				CLANG_WARN_DEPRECATED_OBJC_IMPLEMENTATIONS = YES;
				CLANG_WARN_DIRECT_OBJC_ISA_USAGE = YES_ERROR;
				CLANG_WARN_DOCUMENTATION_COMMENTS = YES;
				CLANG_WARN_EMPTY_BODY = YES;
				CLANG_WARN_ENUM_CONVERSION = YES;
				CLANG_WARN_INFINITE_RECURSION = YES;
				CLANG_WARN_INT_CONVERSION = YES;
				CLANG_WARN_NON_LITERAL_NULL_CONVERSION = YES;
				CLANG_WARN_OBJC_IMPLICIT_RETAIN_SELF = YES;
				CLANG_WARN_OBJC_LITERAL_CONVERSION = YES;
				CLANG_WARN_OBJC_ROOT_CLASS = YES_ERROR;
				CLANG_WARN_QUOTED_INCLUDE_IN_FRAMEWORK_HEADER = YES;
				CLANG_WARN_RANGE_LOOP_ANALYSIS = YES;
				CLANG_WARN_STRICT_PROTOTYPES = YES;
				CLANG_WARN_SUSPICIOUS_MOVE = YES;
				CLANG_WARN_UNGUARDED_AVAILABILITY = YES_AGGRESSIVE;
				CLANG_WARN_UNREACHABLE_CODE = YES;
				CLANG_WARN__DUPLICATE_METHOD_MATCH = YES;
				COPY_PHASE_STRIP = NO;
				DEBUG_INFORMATION_FORMAT = "dwarf-with-dsym";
				ENABLE_NS_ASSERTIONS = NO;
				ENABLE_STRICT_OBJC_MSGSEND = YES;
				GCC_C_LANGUAGE_STANDARD = gnu11;
				GCC_NO_COMMON_BLOCKS = YES;
				GCC_WARN_64_TO_32_BIT_CONVERSION = YES;
				GCC_WARN_ABOUT_RETURN_TYPE = YES_ERROR;
				GCC_WARN_UNDECLARED_SELECTOR = YES;
				GCC_WARN_UNINITIALIZED_AUTOS = YES_AGGRESSIVE;
				GCC_WARN_UNUSED_FUNCTION = YES;
				GCC_WARN_UNUSED_VARIABLE = YES;
				IPHONEOS_DEPLOYMENT_TARGET = 14.5;
				MTL_ENABLE_DEBUG_INFO = NO;
				MTL_FAST_MATH = YES;
				SDKROOT = iphoneos;
				SWIFT_COMPILATION_MODE = wholemodule;
				SWIFT_OPTIMIZATION_LEVEL = "-O";
				VALIDATE_PRODUCT = YES;
			};
			name = Release;
		};
		D8CC362F263D302100CF46F3 /* Debug */ = {
			isa = XCBuildConfiguration;
			buildSettings = {
				ASSETCATALOG_COMPILER_APPICON_NAME = AppIcon;
				ASSETCATALOG_COMPILER_GLOBAL_ACCENT_COLOR_NAME = AccentColor;
				CODE_SIGN_STYLE = Automatic;
				DEVELOPMENT_TEAM = CB483RWNCM;
				INFOPLIST_FILE = LeeCode/Info.plist;
				IPHONEOS_DEPLOYMENT_TARGET = 13.0;
				LD_RUNPATH_SEARCH_PATHS = (
					"$(inherited)",
					"@executable_path/Frameworks",
				);
				PRODUCT_BUNDLE_IDENTIFIER = com.prf.leecode.LeeCode;
				PRODUCT_NAME = "$(TARGET_NAME)";
				SWIFT_VERSION = 5.0;
				TARGETED_DEVICE_FAMILY = "1,2";
			};
			name = Debug;
		};
		D8CC3630263D302100CF46F3 /* Release */ = {
			isa = XCBuildConfiguration;
			buildSettings = {
				ASSETCATALOG_COMPILER_APPICON_NAME = AppIcon;
				ASSETCATALOG_COMPILER_GLOBAL_ACCENT_COLOR_NAME = AccentColor;
				CODE_SIGN_STYLE = Automatic;
				DEVELOPMENT_TEAM = CB483RWNCM;
				INFOPLIST_FILE = LeeCode/Info.plist;
				IPHONEOS_DEPLOYMENT_TARGET = 13.0;
				LD_RUNPATH_SEARCH_PATHS = (
					"$(inherited)",
					"@executable_path/Frameworks",
				);
				PRODUCT_BUNDLE_IDENTIFIER = com.prf.leecode.LeeCode;
				PRODUCT_NAME = "$(TARGET_NAME)";
				SWIFT_VERSION = 5.0;
				TARGETED_DEVICE_FAMILY = "1,2";
			};
			name = Release;
		};
		D8CC3632263D302100CF46F3 /* Debug */ = {
			isa = XCBuildConfiguration;
			buildSettings = {
				ALWAYS_EMBED_SWIFT_STANDARD_LIBRARIES = YES;
				BUNDLE_LOADER = "$(TEST_HOST)";
				CODE_SIGN_STYLE = Automatic;
				DEVELOPMENT_TEAM = CB483RWNCM;
				INFOPLIST_FILE = LeeCodeTests/Info.plist;
				IPHONEOS_DEPLOYMENT_TARGET = 14.5;
				LD_RUNPATH_SEARCH_PATHS = (
					"$(inherited)",
					"@executable_path/Frameworks",
					"@loader_path/Frameworks",
				);
				PRODUCT_BUNDLE_IDENTIFIER = com.prf.leecode.LeeCodeTests;
				PRODUCT_NAME = "$(TARGET_NAME)";
				SWIFT_VERSION = 5.0;
				TARGETED_DEVICE_FAMILY = "1,2";
				TEST_HOST = "$(BUILT_PRODUCTS_DIR)/LeeCode.app/LeeCode";
			};
			name = Debug;
		};
		D8CC3633263D302100CF46F3 /* Release */ = {
			isa = XCBuildConfiguration;
			buildSettings = {
				ALWAYS_EMBED_SWIFT_STANDARD_LIBRARIES = YES;
				BUNDLE_LOADER = "$(TEST_HOST)";
				CODE_SIGN_STYLE = Automatic;
				DEVELOPMENT_TEAM = CB483RWNCM;
				INFOPLIST_FILE = LeeCodeTests/Info.plist;
				IPHONEOS_DEPLOYMENT_TARGET = 14.5;
				LD_RUNPATH_SEARCH_PATHS = (
					"$(inherited)",
					"@executable_path/Frameworks",
					"@loader_path/Frameworks",
				);
				PRODUCT_BUNDLE_IDENTIFIER = com.prf.leecode.LeeCodeTests;
				PRODUCT_NAME = "$(TARGET_NAME)";
				SWIFT_VERSION = 5.0;
				TARGETED_DEVICE_FAMILY = "1,2";
				TEST_HOST = "$(BUILT_PRODUCTS_DIR)/LeeCode.app/LeeCode";
			};
			name = Release;
		};
		D8CC3635263D302100CF46F3 /* Debug */ = {
			isa = XCBuildConfiguration;
			buildSettings = {
				ALWAYS_EMBED_SWIFT_STANDARD_LIBRARIES = YES;
				CODE_SIGN_STYLE = Automatic;
				DEVELOPMENT_TEAM = CB483RWNCM;
				INFOPLIST_FILE = LeeCodeUITests/Info.plist;
				LD_RUNPATH_SEARCH_PATHS = (
					"$(inherited)",
					"@executable_path/Frameworks",
					"@loader_path/Frameworks",
				);
				PRODUCT_BUNDLE_IDENTIFIER = com.prf.leecode.LeeCodeUITests;
				PRODUCT_NAME = "$(TARGET_NAME)";
				SWIFT_VERSION = 5.0;
				TARGETED_DEVICE_FAMILY = "1,2";
				TEST_TARGET_NAME = LeeCode;
			};
			name = Debug;
		};
		D8CC3636263D302100CF46F3 /* Release */ = {
			isa = XCBuildConfiguration;
			buildSettings = {
				ALWAYS_EMBED_SWIFT_STANDARD_LIBRARIES = YES;
				CODE_SIGN_STYLE = Automatic;
				DEVELOPMENT_TEAM = CB483RWNCM;
				INFOPLIST_FILE = LeeCodeUITests/Info.plist;
				LD_RUNPATH_SEARCH_PATHS = (
					"$(inherited)",
					"@executable_path/Frameworks",
					"@loader_path/Frameworks",
				);
				PRODUCT_BUNDLE_IDENTIFIER = com.prf.leecode.LeeCodeUITests;
				PRODUCT_NAME = "$(TARGET_NAME)";
				SWIFT_VERSION = 5.0;
				TARGETED_DEVICE_FAMILY = "1,2";
				TEST_TARGET_NAME = LeeCode;
			};
			name = Release;
		};
/* End XCBuildConfiguration section */

/* Begin XCConfigurationList section */
		D8CC35FF263D301F00CF46F3 /* Build configuration list for PBXProject "LeeCode" */ = {
			isa = XCConfigurationList;
			buildConfigurations = (
				D8CC362C263D302100CF46F3 /* Debug */,
				D8CC362D263D302100CF46F3 /* Release */,
			);
			defaultConfigurationIsVisible = 0;
			defaultConfigurationName = Release;
		};
		D8CC362E263D302100CF46F3 /* Build configuration list for PBXNativeTarget "LeeCode" */ = {
			isa = XCConfigurationList;
			buildConfigurations = (
				D8CC362F263D302100CF46F3 /* Debug */,
				D8CC3630263D302100CF46F3 /* Release */,
			);
			defaultConfigurationIsVisible = 0;
			defaultConfigurationName = Release;
		};
		D8CC3631263D302100CF46F3 /* Build configuration list for PBXNativeTarget "LeeCodeTests" */ = {
			isa = XCConfigurationList;
			buildConfigurations = (
				D8CC3632263D302100CF46F3 /* Debug */,
				D8CC3633263D302100CF46F3 /* Release */,
			);
			defaultConfigurationIsVisible = 0;
			defaultConfigurationName = Release;
		};
		D8CC3634263D302100CF46F3 /* Build configuration list for PBXNativeTarget "LeeCodeUITests" */ = {
			isa = XCConfigurationList;
			buildConfigurations = (
				D8CC3635263D302100CF46F3 /* Debug */,
				D8CC3636263D302100CF46F3 /* Release */,
			);
			defaultConfigurationIsVisible = 0;
			defaultConfigurationName = Release;
		};
/* End XCConfigurationList section */
	};
	rootObject = D8CC35FC263D301F00CF46F3 /* Project object */;
}
